
Microsoft Visual Studio Solution File, Format Version 12.00
# Visual Studio 15
VisualStudioVersion = 15.0.28307.421
MinimumVisualStudioVersion = 10.0.40219.1
Project("{9A19103F-16F7-4668-BE54-9A1E7A4F7556}") = "HotEmitter", "HotEmitter\HotEmitter.csproj", "{4AEC5C28-1143-4CF2-A78A-90F4016959B5}"
EndProject
Project("{9A19103F-16F7-4668-BE54-9A1E7A4F7556}") = "Demo", "Demo\Demo.csproj", "{1038F68C-47BB-47DF-A172-C3BC7502B155}"
EndProject
Project("{FAE04EC0-301F-11D3-BF4B-00C04F79EFBC}") = "HotEmitterTest", "HotEmitterTest\HotEmitterTest.csproj", "{B1B72870-5F8A-4808-9A32-B55CB166BDA1}"
EndProject
Global
	GlobalSection(SolutionConfigurationPlatforms) = preSolution
		Debug|Any CPU = Debug|Any CPU
		Release|Any CPU = Release|Any CPU
	EndGlobalSection
	GlobalSection(ProjectConfigurationPlatforms) = postSolution
		{4AEC5C28-1143-4CF2-A78A-90F4016959B5}.Debug|Any CPU.ActiveCfg = Debug|Any CPU
		{4AEC5C28-1143-4CF2-A78A-90F4016959B5}.Debug|Any CPU.Build.0 = Debug|Any CPU
		{4AEC5C28-1143-4CF2-A78A-90F4016959B5}.Release|Any CPU.ActiveCfg = Release|Any CPU
		{4AEC5C28-1143-4CF2-A78A-90F4016959B5}.Release|Any CPU.Build.0 = Release|Any CPU
		{1038F68C-47BB-47DF-A172-C3BC7502B155}.Debug|Any CPU.ActiveCfg = Debug|Any CPU
		{1038F68C-47BB-47DF-A172-C3BC7502B155}.Debug|Any CPU.Build.0 = Debug|Any CPU
		{1038F68C-47BB-47DF-A172-C3BC7502B155}.Release|Any CPU.ActiveCfg = Release|Any CPU
		{1038F68C-47BB-47DF-A172-C3BC7502B155}.Release|Any CPU.Build.0 = Release|Any CPU
		{B1B72870-5F8A-4808-9A32-B55CB166BDA1}.Debug|Any CPU.ActiveCfg = Debug|Any CPU
		{B1B72870-5F8A-4808-9A32-B55CB166BDA1}.Debug|Any CPU.Build.0 = Debug|Any CPU
		{B1B72870-5F8A-4808-9A32-B55CB166BDA1}.Release|Any CPU.ActiveCfg = Release|Any CPU
		{B1B72870-5F8A-4808-9A32-B55CB166BDA1}.Release|Any CPU.Build.0 = Release|Any CPU
	EndGlobalSection
	GlobalSection(SolutionProperties) = preSolution
		HideSolutionNode = FALSE
	EndGlobalSection
	GlobalSection(ExtensibilityGlobals) = postSolution
		SolutionGuid = {F91F8457-316B-4187-9EB9-3C6D26D20C56}
	EndGlobalSection
EndGlobal
